
Microsoft Visual Studio Solution File, Format Version 12.00
# Visual Studio Version 17
VisualStudioVersion = 17.2.32630.192
MinimumVisualStudioVersion = 10.0.40219.1
Project("{9A19103F-16F7-4668-BE54-9A1E7A4F7556}") = "WorkoutSchedules", "WorkoutSchedules\WorkoutSchedules.csproj", "{57739B96-A1D8-42C3-8A3E-DDB4DDC4576C}"
EndProject
Project("{FAE04EC0-301F-11D3-BF4B-00C04F79EFBC}") = "UnitTest", "UnitTest\UnitTest.csproj", "{303AEE25-71C1-4F86-9204-4DAC175AA11C}"
EndProject
Global
	GlobalSection(SolutionConfigurationPlatforms) = preSolution
		Debug|Any CPU = Debug|Any CPU
		Release|Any CPU = Release|Any CPU
	EndGlobalSection
	GlobalSection(ProjectConfigurationPlatforms) = postSolution
		{57739B96-A1D8-42C3-8A3E-DDB4DDC4576C}.Debug|Any CPU.ActiveCfg = Debug|Any CPU
		{57739B96-A1D8-42C3-8A3E-DDB4DDC4576C}.Debug|Any CPU.Build.0 = Debug|Any CPU
		{57739B96-A1D8-42C3-8A3E-DDB4DDC4576C}.Release|Any CPU.ActiveCfg = Release|Any CPU
		{57739B96-A1D8-42C3-8A3E-DDB4DDC4576C}.Release|Any CPU.Build.0 = Release|Any CPU
		{303AEE25-71C1-4F86-9204-4DAC175AA11C}.Debug|Any CPU.ActiveCfg = Debug|Any CPU
		{303AEE25-71C1-4F86-9204-4DAC175AA11C}.Debug|Any CPU.Build.0 = Debug|Any CPU
		{303AEE25-71C1-4F86-9204-4DAC175AA11C}.Release|Any CPU.ActiveCfg = Release|Any CPU
		{303AEE25-71C1-4F86-9204-4DAC175AA11C}.Release|Any CPU.Build.0 = Release|Any CPU
	EndGlobalSection
	GlobalSection(SolutionProperties) = preSolution
		HideSolutionNode = FALSE
	EndGlobalSection
	GlobalSection(ExtensibilityGlobals) = postSolution
		SolutionGuid = {999B8EC0-2547-4A89-8AF6-954EED75EDC7}
	EndGlobalSection
EndGlobal
